{
  "name": "eduvane",
  "version": "1.0.0",
  "lockfileVersion": 3,
  "requires": true,
  "packages": {
    "": {
      "name": "eduvane",
      "version": "1.0.0",
      "dependencies": {
        "@google/genai": "^0.2.0",
        "@supabase/supabase-js": "2.45.4",
        "lucide-react": "0.344.0",
        "react": "18.2.0",
        "react-dom": "18.2.0",
        "tesseract.js": "5.0.5"
      },
      "devDependencies": {
        "@types/react": "18.2.0",
        "@types/react-dom": "18.2.0",
        "typescript": "5.2.2"
      }
    },
    "node_modules/tesseract.js": {
      "version": "5.0.5",
      "resolved": "https://registry.npmjs.org/tesseract.js/-/tesseract.js-5.0.5.tgz",
      "integrity": "sha512-xtTfec4IynE63sl6kAFkGl1mejlNxr9qQXzVGAUHd7IPdQXveopjGO9Eph6xkSuW5sUCC9AT6VdBmODh8ZymGg==",
      "engines": {
        "node": ">=14"
      }
    },
    "node_modules/typescript": {
      "version": "5.2.2",
      "resolved": "https://registry.npmjs.org/typescript/-/typescript-5.2.2.tgz",
      "integrity": "sha512-mI4WrpHsbCIcwT9cF4FZvr80QUeKvsUsUvKDoR+X/7XHQH98xYD8YHZg7ANtz2GtZt/CBq2QJ0thkGJMHfqc1w==",
      "bin": {
        "tsc": "bin/tsc",
        "tsserver": "bin/tsserver"
      },
      "engines": {
        "node": ">=14.17"
      }
    }
  }
}